
Microsoft Visual Studio Solution File, Format Version 11.00
# Visual C# Express 2010
Project("{FAE04EC0-301F-11D3-BF4B-00C04F79EFBC}") = "StockVisAg", "StockVisAg\StockVisAg.csproj", "{70015418-DDAC-4E8C-B2D4-E67724EDED75}"
EndProject
Global
	GlobalSection(SolutionConfigurationPlatforms) = preSolution
		Debug|x86 = Debug|x86
		Release|x86 = Release|x86
	EndGlobalSection
	GlobalSection(ProjectConfigurationPlatforms) = postSolution
		{70015418-DDAC-4E8C-B2D4-E67724EDED75}.Debug|x86.ActiveCfg = Debug|x86
		{70015418-DDAC-4E8C-B2D4-E67724EDED75}.Debug|x86.Build.0 = Debug|x86
		{70015418-DDAC-4E8C-B2D4-E67724EDED75}.Release|x86.ActiveCfg = Release|x86
		{70015418-DDAC-4E8C-B2D4-E67724EDED75}.Release|x86.Build.0 = Release|x86
	EndGlobalSection
	GlobalSection(SolutionProperties) = preSolution
		HideSolutionNode = FALSE
	EndGlobalSection
EndGlobal
